
Microsoft Visual Studio Solution File, Format Version 12.00
# Visual Studio Version 16
VisualStudioVersion = 16.0.33801.447
MinimumVisualStudioVersion = 10.0.40219.1
Project("{FAE04EC0-301F-11D3-BF4B-00C04F79EFBC}") = "Anjani_Courier_Service", "Anjani_Courier_Service\Anjani_Courier_Service.csproj", "{2747CBFA-B0D1-425B-B255-69025F93638B}"
EndProject
Global
	GlobalSection(SolutionConfigurationPlatforms) = preSolution
		Debug|Any CPU = Debug|Any CPU
		Release|Any CPU = Release|Any CPU
	EndGlobalSection
	GlobalSection(ProjectConfigurationPlatforms) = postSolution
		{2747CBFA-B0D1-425B-B255-69025F93638B}.Debug|Any CPU.ActiveCfg = Debug|Any CPU
		{2747CBFA-B0D1-425B-B255-69025F93638B}.Debug|Any CPU.Build.0 = Debug|Any CPU
		{2747CBFA-B0D1-425B-B255-69025F93638B}.Release|Any CPU.ActiveCfg = Release|Any CPU
		{2747CBFA-B0D1-425B-B255-69025F93638B}.Release|Any CPU.Build.0 = Release|Any CPU
	EndGlobalSection
	GlobalSection(SolutionProperties) = preSolution
		HideSolutionNode = FALSE
	EndGlobalSection
	GlobalSection(ExtensibilityGlobals) = postSolution
		SolutionGuid = {F8EFA999-3309-4319-8C85-CEB152E87906}
	EndGlobalSection
EndGlobal
